// !$*UTF8*$!
{
	archiveVersion = 1;
	classes = {
	};
	objectVersion = 46;
	objects = {

/* Begin PBXBuildFile section */
		72470FAF1A3382EC0083E01B /* AssetCategory.swift in Sources */ = {isa = PBXBuildFile; fileRef = 72470FA91A3382EC0083E01B /* AssetCategory.swift */; };
		72470FB01A3382EC0083E01B /* AssetTableViewController.swift in Sources */ = {isa = PBXBuildFile; fileRef = 72470FAA1A3382EC0083E01B /* AssetTableViewController.swift */; };
		72470FB11A3382EC0083E01B /* ItemType.swift in Sources */ = {isa = PBXBuildFile; fileRef = 72470FAB1A3382EC0083E01B /* ItemType.swift */; };
		72470FB21A3382EC0083E01B /* LiabilityCategory.swift in Sources */ = {isa = PBXBuildFile; fileRef = 72470FAC1A3382EC0083E01B /* LiabilityCategory.swift */; };
		72470FB31A3382EC0083E01B /* LiabilityTableViewController.swift in Sources */ = {isa = PBXBuildFile; fileRef = 72470FAD1A3382EC0083E01B /* LiabilityTableViewController.swift */; };
		72470FB41A3382EC0083E01B /* MemberOverviewViewController.swift in Sources */ = {isa = PBXBuildFile; fileRef = 72470FAE1A3382EC0083E01B /* MemberOverviewViewController.swift */; };
		72470FB61A33C3D70083E01B /* ItemListTableViewController.swift in Sources */ = {isa = PBXBuildFile; fileRef = 72470FB51A33C3D70083E01B /* ItemListTableViewController.swift */; };
		72FBC1A81A2DA1EB00609E4C /* AppDelegate.swift in Sources */ = {isa = PBXBuildFile; fileRef = 72FBC1A71A2DA1EB00609E4C /* AppDelegate.swift */; };
		72FBC1AD1A2DA1EB00609E4C /* Main.storyboard in Resources */ = {isa = PBXBuildFile; fileRef = 72FBC1AB1A2DA1EB00609E4C /* Main.storyboard */; };
		72FBC1AF1A2DA1EB00609E4C /* Images.xcassets in Resources */ = {isa = PBXBuildFile; fileRef = 72FBC1AE1A2DA1EB00609E4C /* Images.xcassets */; };
		72FBC1B21A2DA1EB00609E4C /* LaunchScreen.xib in Resources */ = {isa = PBXBuildFile; fileRef = 72FBC1B01A2DA1EB00609E4C /* LaunchScreen.xib */; };
		72FBC1BE1A2DA1EB00609E4C /* NetWorthTodayTests.swift in Sources */ = {isa = PBXBuildFile; fileRef = 72FBC1BD1A2DA1EB00609E4C /* NetWorthTodayTests.swift */; };
		72FBC1CB1A2DA40D00609E4C /* CouchbaseLite.framework in Frameworks */ = {isa = PBXBuildFile; fileRef = 72FBC1CA1A2DA40D00609E4C /* CouchbaseLite.framework */; };
		72FBC1CD1A2DA46900609E4C /* CFNetwork.framework in Frameworks */ = {isa = PBXBuildFile; fileRef = 72FBC1CC1A2DA46900609E4C /* CFNetwork.framework */; };
		72FBC1CF1A2DA47100609E4C /* Security.framework in Frameworks */ = {isa = PBXBuildFile; fileRef = 72FBC1CE1A2DA47100609E4C /* Security.framework */; };
		72FBC1D11A2DA47D00609E4C /* SystemConfiguration.framework in Frameworks */ = {isa = PBXBuildFile; fileRef = 72FBC1D01A2DA47D00609E4C /* SystemConfiguration.framework */; };
		72FBC1D31A2DA48D00609E4C /* libsqlite3.dylib in Frameworks */ = {isa = PBXBuildFile; fileRef = 72FBC1D21A2DA48D00609E4C /* libsqlite3.dylib */; };
		72FBC1D71A2DA4A800609E4C /* libz.dylib in Frameworks */ = {isa = PBXBuildFile; fileRef = 72FBC1D61A2DA4A800609E4C /* libz.dylib */; };
		72FBC1D91A2DA55200609E4C /* FacebookSDK.framework in Frameworks */ = {isa = PBXBuildFile; fileRef = 72FBC1D81A2DA55200609E4C /* FacebookSDK.framework */; };
/* End PBXBuildFile section */

/* Begin PBXContainerItemProxy section */
		72FBC1B81A2DA1EB00609E4C /* PBXContainerItemProxy */ = {
			isa = PBXContainerItemProxy;
			containerPortal = 72FBC19A1A2DA1EB00609E4C /* Project object */;
			proxyType = 1;
			remoteGlobalIDString = 72FBC1A11A2DA1EB00609E4C;
			remoteInfo = NetWorthToday;
		};
/* End PBXContainerItemProxy section */

/* Begin PBXFileReference section */
		72470FA91A3382EC0083E01B /* AssetCategory.swift */ = {isa = PBXFileReference; fileEncoding = 4; lastKnownFileType = sourcecode.swift; path = AssetCategory.swift; sourceTree = "<group>"; };
		72470FAA1A3382EC0083E01B /* AssetTableViewController.swift */ = {isa = PBXFileReference; fileEncoding = 4; lastKnownFileType = sourcecode.swift; path = AssetTableViewController.swift; sourceTree = "<group>"; };
		72470FAB1A3382EC0083E01B /* ItemType.swift */ = {isa = PBXFileReference; fileEncoding = 4; lastKnownFileType = sourcecode.swift; path = ItemType.swift; sourceTree = "<group>"; };
		72470FAC1A3382EC0083E01B /* LiabilityCategory.swift */ = {isa = PBXFileReference; fileEncoding = 4; lastKnownFileType = sourcecode.swift; path = LiabilityCategory.swift; sourceTree = "<group>"; };
		72470FAD1A3382EC0083E01B /* LiabilityTableViewController.swift */ = {isa = PBXFileReference; fileEncoding = 4; lastKnownFileType = sourcecode.swift; path = LiabilityTableViewController.swift; sourceTree = "<group>"; };
		72470FAE1A3382EC0083E01B /* MemberOverviewViewController.swift */ = {isa = PBXFileReference; fileEncoding = 4; lastKnownFileType = sourcecode.swift; path = MemberOverviewViewController.swift; sourceTree = "<group>"; };
		72470FB51A33C3D70083E01B /* ItemListTableViewController.swift */ = {isa = PBXFileReference; fileEncoding = 4; lastKnownFileType = sourcecode.swift; path = ItemListTableViewController.swift; sourceTree = "<group>"; };
		72FBC1A21A2DA1EB00609E4C /* NetWorthToday.app */ = {isa = PBXFileReference; explicitFileType = wrapper.application; includeInIndex = 0; path = NetWorthToday.app; sourceTree = BUILT_PRODUCTS_DIR; };
		72FBC1A61A2DA1EB00609E4C /* Info.plist */ = {isa = PBXFileReference; lastKnownFileType = text.plist.xml; path = Info.plist; sourceTree = "<group>"; };
		72FBC1A71A2DA1EB00609E4C /* AppDelegate.swift */ = {isa = PBXFileReference; lastKnownFileType = sourcecode.swift; path = AppDelegate.swift; sourceTree = "<group>"; };
		72FBC1AC1A2DA1EB00609E4C /* Base */ = {isa = PBXFileReference; lastKnownFileType = file.storyboard; name = Base; path = Base.lproj/Main.storyboard; sourceTree = "<group>"; };
		72FBC1AE1A2DA1EB00609E4C /* Images.xcassets */ = {isa = PBXFileReference; lastKnownFileType = folder.assetcatalog; path = Images.xcassets; sourceTree = "<group>"; };
		72FBC1B11A2DA1EB00609E4C /* Base */ = {isa = PBXFileReference; lastKnownFileType = file.xib; name = Base; path = Base.lproj/LaunchScreen.xib; sourceTree = "<group>"; };
		72FBC1B71A2DA1EB00609E4C /* NetWorthTodayTests.xctest */ = {isa = PBXFileReference; explicitFileType = wrapper.cfbundle; includeInIndex = 0; path = NetWorthTodayTests.xctest; sourceTree = BUILT_PRODUCTS_DIR; };
		72FBC1BC1A2DA1EB00609E4C /* Info.plist */ = {isa = PBXFileReference; lastKnownFileType = text.plist.xml; path = Info.plist; sourceTree = "<group>"; };
		72FBC1BD1A2DA1EB00609E4C /* NetWorthTodayTests.swift */ = {isa = PBXFileReference; lastKnownFileType = sourcecode.swift; path = NetWorthTodayTests.swift; sourceTree = "<group>"; };
		72FBC1CA1A2DA40D00609E4C /* CouchbaseLite.framework */ = {isa = PBXFileReference; lastKnownFileType = wrapper.framework; name = CouchbaseLite.framework; path = Frameworks/CouchbaseLite.framework; sourceTree = "<group>"; };
		72FBC1CC1A2DA46900609E4C /* CFNetwork.framework */ = {isa = PBXFileReference; lastKnownFileType = wrapper.framework; name = CFNetwork.framework; path = System/Library/Frameworks/CFNetwork.framework; sourceTree = SDKROOT; };
		72FBC1CE1A2DA47100609E4C /* Security.framework */ = {isa = PBXFileReference; lastKnownFileType = wrapper.framework; name = Security.framework; path = System/Library/Frameworks/Security.framework; sourceTree = SDKROOT; };
		72FBC1D01A2DA47D00609E4C /* SystemConfiguration.framework */ = {isa = PBXFileReference; lastKnownFileType = wrapper.framework; name = SystemConfiguration.framework; path = System/Library/Frameworks/SystemConfiguration.framework; sourceTree = SDKROOT; };
		72FBC1D21A2DA48D00609E4C /* libsqlite3.dylib */ = {isa = PBXFileReference; lastKnownFileType = "compiled.mach-o.dylib"; name = libsqlite3.dylib; path = usr/lib/libsqlite3.dylib; sourceTree = SDKROOT; };
		72FBC1D41A2DA49600609E4C /* libz.1.dylib */ = {isa = PBXFileReference; lastKnownFileType = "compiled.mach-o.dylib"; name = libz.1.dylib; path = usr/lib/libz.1.dylib; sourceTree = SDKROOT; };
		72FBC1D61A2DA4A800609E4C /* libz.dylib */ = {isa = PBXFileReference; lastKnownFileType = "compiled.mach-o.dylib"; name = libz.dylib; path = usr/lib/libz.dylib; sourceTree = SDKROOT; };
		72FBC1D81A2DA55200609E4C /* FacebookSDK.framework */ = {isa = PBXFileReference; lastKnownFileType = wrapper.framework; name = FacebookSDK.framework; path = ../../Documents/FacebookSDK/FacebookSDK.framework; sourceTree = "<group>"; };
		72FBC1DB1A2DA62C00609E4C /* Bridging-Header.h */ = {isa = PBXFileReference; lastKnownFileType = sourcecode.c.h; path = "Bridging-Header.h"; sourceTree = "<group>"; };
/* End PBXFileReference section */

/* Begin PBXFrameworksBuildPhase section */
		72FBC19F1A2DA1EB00609E4C /* Frameworks */ = {
			isa = PBXFrameworksBuildPhase;
			buildActionMask = 2147483647;
			files = (
				72FBC1D71A2DA4A800609E4C /* libz.dylib in Frameworks */,
				72FBC1D31A2DA48D00609E4C /* libsqlite3.dylib in Frameworks */,
				72FBC1D11A2DA47D00609E4C /* SystemConfiguration.framework in Frameworks */,
				72FBC1CF1A2DA47100609E4C /* Security.framework in Frameworks */,
				72FBC1CD1A2DA46900609E4C /* CFNetwork.framework in Frameworks */,
				72FBC1CB1A2DA40D00609E4C /* CouchbaseLite.framework in Frameworks */,
				72FBC1D91A2DA55200609E4C /* FacebookSDK.framework in Frameworks */,
			);
			runOnlyForDeploymentPostprocessing = 0;
		};
		72FBC1B41A2DA1EB00609E4C /* Frameworks */ = {
			isa = PBXFrameworksBuildPhase;
			buildActionMask = 2147483647;
			files = (
			);
			runOnlyForDeploymentPostprocessing = 0;
		};
/* End PBXFrameworksBuildPhase section */

/* Begin PBXGroup section */
		72FBC1991A2DA1EB00609E4C = {
			isa = PBXGroup;
			children = (
				72FBC1A41A2DA1EB00609E4C /* NetWorthToday */,
				72FBC1BA1A2DA1EB00609E4C /* NetWorthTodayTests */,
				72FBC1A31A2DA1EB00609E4C /* Products */,
				72FBC1C71A2DA39C00609E4C /* Frameworks */,
			);
			sourceTree = "<group>";
		};
		72FBC1A31A2DA1EB00609E4C /* Products */ = {
			isa = PBXGroup;
			children = (
				72FBC1A21A2DA1EB00609E4C /* NetWorthToday.app */,
				72FBC1B71A2DA1EB00609E4C /* NetWorthTodayTests.xctest */,
			);
			name = Products;
			sourceTree = "<group>";
		};
		72FBC1A41A2DA1EB00609E4C /* NetWorthToday */ = {
			isa = PBXGroup;
			children = (
				72FBC1A71A2DA1EB00609E4C /* AppDelegate.swift */,
				72FBC1AB1A2DA1EB00609E4C /* Main.storyboard */,
				72470FB51A33C3D70083E01B /* ItemListTableViewController.swift */,
				72470FAE1A3382EC0083E01B /* MemberOverviewViewController.swift */,
				72470FA91A3382EC0083E01B /* AssetCategory.swift */,
				72470FAA1A3382EC0083E01B /* AssetTableViewController.swift */,
				72470FAB1A3382EC0083E01B /* ItemType.swift */,
				72470FAC1A3382EC0083E01B /* LiabilityCategory.swift */,
				72470FAD1A3382EC0083E01B /* LiabilityTableViewController.swift */,
				72FBC1DB1A2DA62C00609E4C /* Bridging-Header.h */,
				72FBC1AE1A2DA1EB00609E4C /* Images.xcassets */,
				72FBC1B01A2DA1EB00609E4C /* LaunchScreen.xib */,
				72FBC1A51A2DA1EB00609E4C /* Supporting Files */,
			);
			path = NetWorthToday;
			sourceTree = "<group>";
		};
		72FBC1A51A2DA1EB00609E4C /* Supporting Files */ = {
			isa = PBXGroup;
			children = (
				72FBC1A61A2DA1EB00609E4C /* Info.plist */,
			);
			name = "Supporting Files";
			sourceTree = "<group>";
		};
		72FBC1BA1A2DA1EB00609E4C /* NetWorthTodayTests */ = {
			isa = PBXGroup;
			children = (
				72FBC1BD1A2DA1EB00609E4C /* NetWorthTodayTests.swift */,
				72FBC1BB1A2DA1EB00609E4C /* Supporting Files */,
			);
			path = NetWorthTodayTests;
			sourceTree = "<group>";
		};
		72FBC1BB1A2DA1EB00609E4C /* Supporting Files */ = {
			isa = PBXGroup;
			children = (
				72FBC1BC1A2DA1EB00609E4C /* Info.plist */,
			);
			name = "Supporting Files";
			sourceTree = "<group>";
		};
		72FBC1C71A2DA39C00609E4C /* Frameworks */ = {
			isa = PBXGroup;
			children = (
				72FBC1D61A2DA4A800609E4C /* libz.dylib */,
				72FBC1D41A2DA49600609E4C /* libz.1.dylib */,
				72FBC1D21A2DA48D00609E4C /* libsqlite3.dylib */,
				72FBC1D81A2DA55200609E4C /* FacebookSDK.framework */,
				72FBC1D01A2DA47D00609E4C /* SystemConfiguration.framework */,
				72FBC1CE1A2DA47100609E4C /* Security.framework */,
				72FBC1CC1A2DA46900609E4C /* CFNetwork.framework */,
				72FBC1CA1A2DA40D00609E4C /* CouchbaseLite.framework */,
			);
			name = Frameworks;
			sourceTree = "<group>";
		};
/* End PBXGroup section */

/* Begin PBXNativeTarget section */
		72FBC1A11A2DA1EB00609E4C /* NetWorthToday */ = {
			isa = PBXNativeTarget;
			buildConfigurationList = 72FBC1C11A2DA1EB00609E4C /* Build configuration list for PBXNativeTarget "NetWorthToday" */;
			buildPhases = (
				72FBC19E1A2DA1EB00609E4C /* Sources */,
				72FBC19F1A2DA1EB00609E4C /* Frameworks */,
				72FBC1A01A2DA1EB00609E4C /* Resources */,
			);
			buildRules = (
			);
			dependencies = (
			);
			name = NetWorthToday;
			productName = NetWorthToday;
			productReference = 72FBC1A21A2DA1EB00609E4C /* NetWorthToday.app */;
			productType = "com.apple.product-type.application";
		};
		72FBC1B61A2DA1EB00609E4C /* NetWorthTodayTests */ = {
			isa = PBXNativeTarget;
			buildConfigurationList = 72FBC1C41A2DA1EB00609E4C /* Build configuration list for PBXNativeTarget "NetWorthTodayTests" */;
			buildPhases = (
				72FBC1B31A2DA1EB00609E4C /* Sources */,
				72FBC1B41A2DA1EB00609E4C /* Frameworks */,
				72FBC1B51A2DA1EB00609E4C /* Resources */,
			);
			buildRules = (
			);
			dependencies = (
				72FBC1B91A2DA1EB00609E4C /* PBXTargetDependency */,
			);
			name = NetWorthTodayTests;
			productName = NetWorthTodayTests;
			productReference = 72FBC1B71A2DA1EB00609E4C /* NetWorthTodayTests.xctest */;
			productType = "com.apple.product-type.bundle.unit-test";
		};
/* End PBXNativeTarget section */

/* Begin PBXProject section */
		72FBC19A1A2DA1EB00609E4C /* Project object */ = {
			isa = PBXProject;
			attributes = {
				LastUpgradeCheck = 0610;
				ORGANIZATIONNAME = "Johnathan Grayson";
				TargetAttributes = {
					72FBC1A11A2DA1EB00609E4C = {
						CreatedOnToolsVersion = 6.1;
						DevelopmentTeam = HGXW6XTDST;
					};
					72FBC1B61A2DA1EB00609E4C = {
						CreatedOnToolsVersion = 6.1;
						TestTargetID = 72FBC1A11A2DA1EB00609E4C;
					};
				};
			};
			buildConfigurationList = 72FBC19D1A2DA1EB00609E4C /* Build configuration list for PBXProject "NetWorthToday" */;
			compatibilityVersion = "Xcode 3.2";
			developmentRegion = English;
			hasScannedForEncodings = 0;
			knownRegions = (
				en,
				Base,
			);
			mainGroup = 72FBC1991A2DA1EB00609E4C;
			productRefGroup = 72FBC1A31A2DA1EB00609E4C /* Products */;
			projectDirPath = "";
			projectRoot = "";
			targets = (
				72FBC1A11A2DA1EB00609E4C /* NetWorthToday */,
				72FBC1B61A2DA1EB00609E4C /* NetWorthTodayTests */,
			);
		};
/* End PBXProject section */

/* Begin PBXResourcesBuildPhase section */
		72FBC1A01A2DA1EB00609E4C /* Resources */ = {
			isa = PBXResourcesBuildPhase;
			buildActionMask = 2147483647;
			files = (
				72FBC1AD1A2DA1EB00609E4C /* Main.storyboard in Resources */,
				72FBC1B21A2DA1EB00609E4C /* LaunchScreen.xib in Resources */,
				72FBC1AF1A2DA1EB00609E4C /* Images.xcassets in Resources */,
			);
			runOnlyForDeploymentPostprocessing = 0;
		};
		72FBC1B51A2DA1EB00609E4C /* Resources */ = {
			isa = PBXResourcesBuildPhase;
			buildActionMask = 2147483647;
			files = (
			);
			runOnlyForDeploymentPostprocessing = 0;
		};
/* End PBXResourcesBuildPhase section */

/* Begin PBXSourcesBuildPhase section */
		72FBC19E1A2DA1EB00609E4C /* Sources */ = {
			isa = PBXSourcesBuildPhase;
			buildActionMask = 2147483647;
			files = (
				72470FB31A3382EC0083E01B /* LiabilityTableViewController.swift in Sources */,
				72470FB01A3382EC0083E01B /* AssetTableViewController.swift in Sources */,
				72470FB61A33C3D70083E01B /* ItemListTableViewController.swift in Sources */,
				72470FB21A3382EC0083E01B /* LiabilityCategory.swift in Sources */,
				72470FB11A3382EC0083E01B /* ItemType.swift in Sources */,
				72470FAF1A3382EC0083E01B /* AssetCategory.swift in Sources */,
				72FBC1A81A2DA1EB00609E4C /* AppDelegate.swift in Sources */,
				72470FB41A3382EC0083E01B /* MemberOverviewViewController.swift in Sources */,
			);
			runOnlyForDeploymentPostprocessing = 0;
		};
		72FBC1B31A2DA1EB00609E4C /* Sources */ = {
			isa = PBXSourcesBuildPhase;
			buildActionMask = 2147483647;
			files = (
				72FBC1BE1A2DA1EB00609E4C /* NetWorthTodayTests.swift in Sources */,
			);
			runOnlyForDeploymentPostprocessing = 0;
		};
/* End PBXSourcesBuildPhase section */

/* Begin PBXTargetDependency section */
		72FBC1B91A2DA1EB00609E4C /* PBXTargetDependency */ = {
			isa = PBXTargetDependency;
			target = 72FBC1A11A2DA1EB00609E4C /* NetWorthToday */;
			targetProxy = 72FBC1B81A2DA1EB00609E4C /* PBXContainerItemProxy */;
		};
/* End PBXTargetDependency section */

/* Begin PBXVariantGroup section */
		72FBC1AB1A2DA1EB00609E4C /* Main.storyboard */ = {
			isa = PBXVariantGroup;
			children = (
				72FBC1AC1A2DA1EB00609E4C /* Base */,
			);
			name = Main.storyboard;
			sourceTree = "<group>";
		};
		72FBC1B01A2DA1EB00609E4C /* LaunchScreen.xib */ = {
			isa = PBXVariantGroup;
			children = (
				72FBC1B11A2DA1EB00609E4C /* Base */,
			);
			name = LaunchScreen.xib;
			sourceTree = "<group>";
		};
/* End PBXVariantGroup section */

/* Begin XCBuildConfiguration section */
		72FBC1BF1A2DA1EB00609E4C /* Debug */ = {
			isa = XCBuildConfiguration;
			buildSettings = {
				ALWAYS_SEARCH_USER_PATHS = NO;
				CLANG_CXX_LANGUAGE_STANDARD = "gnu++0x";
				CLANG_CXX_LIBRARY = "libc++";
				CLANG_ENABLE_MODULES = YES;
				CLANG_ENABLE_OBJC_ARC = YES;
				CLANG_WARN_BOOL_CONVERSION = YES;
				CLANG_WARN_CONSTANT_CONVERSION = YES;
				CLANG_WARN_DIRECT_OBJC_ISA_USAGE = YES_ERROR;
				CLANG_WARN_EMPTY_BODY = YES;
				CLANG_WARN_ENUM_CONVERSION = YES;
				CLANG_WARN_INT_CONVERSION = YES;
				CLANG_WARN_OBJC_ROOT_CLASS = YES_ERROR;
				CLANG_WARN_UNREACHABLE_CODE = YES;
				CLANG_WARN__DUPLICATE_METHOD_MATCH = YES;
				"CODE_SIGN_IDENTITY[sdk=iphoneos*]" = "iPhone Developer";
				COPY_PHASE_STRIP = NO;
				ENABLE_STRICT_OBJC_MSGSEND = YES;
				GCC_C_LANGUAGE_STANDARD = gnu99;
				GCC_DYNAMIC_NO_PIC = NO;
				GCC_OPTIMIZATION_LEVEL = 0;
				GCC_PREPROCESSOR_DEFINITIONS = (
					"DEBUG=1",
					"$(inherited)",
				);
				GCC_SYMBOLS_PRIVATE_EXTERN = NO;
				GCC_WARN_64_TO_32_BIT_CONVERSION = YES;
				GCC_WARN_ABOUT_RETURN_TYPE = YES_ERROR;
				GCC_WARN_UNDECLARED_SELECTOR = YES;
				GCC_WARN_UNINITIALIZED_AUTOS = YES_AGGRESSIVE;
				GCC_WARN_UNUSED_FUNCTION = YES;
				GCC_WARN_UNUSED_VARIABLE = YES;
				IPHONEOS_DEPLOYMENT_TARGET = 8.1;
				MTL_ENABLE_DEBUG_INFO = YES;
				ONLY_ACTIVE_ARCH = YES;
				SDKROOT = iphoneos;
				SWIFT_OPTIMIZATION_LEVEL = "-Onone";
				TARGETED_DEVICE_FAMILY = "1,2";
			};
			name = Debug;
		};
		72FBC1C01A2DA1EB00609E4C /* Release */ = {
			isa = XCBuildConfiguration;
			buildSettings = {
				ALWAYS_SEARCH_USER_PATHS = NO;
				CLANG_CXX_LANGUAGE_STANDARD = "gnu++0x";
				CLANG_CXX_LIBRARY = "libc++";
				CLANG_ENABLE_MODULES = YES;
				CLANG_ENABLE_OBJC_ARC = YES;
				CLANG_WARN_BOOL_CONVERSION = YES;
				CLANG_WARN_CONSTANT_CONVERSION = YES;
				CLANG_WARN_DIRECT_OBJC_ISA_USAGE = YES_ERROR;
				CLANG_WARN_EMPTY_BODY = YES;
				CLANG_WARN_ENUM_CONVERSION = YES;
				CLANG_WARN_INT_CONVERSION = YES;
				CLANG_WARN_OBJC_ROOT_CLASS = YES_ERROR;
				CLANG_WARN_UNREACHABLE_CODE = YES;
				CLANG_WARN__DUPLICATE_METHOD_MATCH = YES;
				"CODE_SIGN_IDENTITY[sdk=iphoneos*]" = "iPhone Developer";
				COPY_PHASE_STRIP = YES;
				ENABLE_NS_ASSERTIONS = NO;
				ENABLE_STRICT_OBJC_MSGSEND = YES;
				GCC_C_LANGUAGE_STANDARD = gnu99;
				GCC_WARN_64_TO_32_BIT_CONVERSION = YES;
				GCC_WARN_ABOUT_RETURN_TYPE = YES_ERROR;
				GCC_WARN_UNDECLARED_SELECTOR = YES;
				GCC_WARN_UNINITIALIZED_AUTOS = YES_AGGRESSIVE;
				GCC_WARN_UNUSED_FUNCTION = YES;
				GCC_WARN_UNUSED_VARIABLE = YES;
				IPHONEOS_DEPLOYMENT_TARGET = 8.1;
				MTL_ENABLE_DEBUG_INFO = NO;
				SDKROOT = iphoneos;
				TARGETED_DEVICE_FAMILY = "1,2";
				VALIDATE_PRODUCT = YES;
			};
			name = Release;
		};
		72FBC1C21A2DA1EB00609E4C /* Debug */ = {
			isa = XCBuildConfiguration;
			buildSettings = {
				ASSETCATALOG_COMPILER_APPICON_NAME = AppIcon;
				CODE_SIGN_IDENTITY = "iPhone Developer";
				FRAMEWORK_SEARCH_PATHS = (
					"$(inherited)",
					"$(PROJECT_DIR)",
					"$(PROJECT_DIR)/Frameworks",
					/Users/johnathangrayson/Documents/FacebookSDK,
				);
				INFOPLIST_FILE = NetWorthToday/Info.plist;
				LD_RUNPATH_SEARCH_PATHS = "$(inherited) @executable_path/Frameworks";
				OTHER_LDFLAGS = "-ObjC";
				PRODUCT_NAME = "$(TARGET_NAME)";
				SWIFT_OBJC_BRIDGING_HEADER = "NetWorthToday/Bridging-Header.h";
			};
			name = Debug;
		};
		72FBC1C31A2DA1EB00609E4C /* Release */ = {
			isa = XCBuildConfiguration;
			buildSettings = {
				ASSETCATALOG_COMPILER_APPICON_NAME = AppIcon;
				CODE_SIGN_IDENTITY = "iPhone Developer";
				FRAMEWORK_SEARCH_PATHS = (
					"$(inherited)",
					"$(PROJECT_DIR)",
					"$(PROJECT_DIR)/Frameworks",
					/Users/johnathangrayson/Documents/FacebookSDK,
				);
				INFOPLIST_FILE = NetWorthToday/Info.plist;
				LD_RUNPATH_SEARCH_PATHS = "$(inherited) @executable_path/Frameworks";
				OTHER_LDFLAGS = "-ObjC";
				PRODUCT_NAME = "$(TARGET_NAME)";
				SWIFT_OBJC_BRIDGING_HEADER = "NetWorthToday/Bridging-Header.h";
			};
			name = Release;
		};
		72FBC1C51A2DA1EB00609E4C /* Debug */ = {
			isa = XCBuildConfiguration;
			buildSettings = {
				BUNDLE_LOADER = "$(TEST_HOST)";
				FRAMEWORK_SEARCH_PATHS = (
					"$(SDKROOT)/Developer/Library/Frameworks",
					"$(inherited)",
				);
				GCC_PREPROCESSOR_DEFINITIONS = (
					"DEBUG=1",
					"$(inherited)",
				);
				INFOPLIST_FILE = NetWorthTodayTests/Info.plist;
				LD_RUNPATH_SEARCH_PATHS = "$(inherited) @executable_path/Frameworks @loader_path/Frameworks";
				PRODUCT_NAME = "$(TARGET_NAME)";
				TEST_HOST = "$(BUILT_PRODUCTS_DIR)/NetWorthToday.app/NetWorthToday";
			};
			name = Debug;
		};
		72FBC1C61A2DA1EB00609E4C /* Release */ = {
			isa = XCBuildConfiguration;
			buildSettings = {
				BUNDLE_LOADER = "$(TEST_HOST)";
				FRAMEWORK_SEARCH_PATHS = (
					"$(SDKROOT)/Developer/Library/Frameworks",
					"$(inherited)",
				);
				INFOPLIST_FILE = NetWorthTodayTests/Info.plist;
				LD_RUNPATH_SEARCH_PATHS = "$(inherited) @executable_path/Frameworks @loader_path/Frameworks";
				PRODUCT_NAME = "$(TARGET_NAME)";
				TEST_HOST = "$(BUILT_PRODUCTS_DIR)/NetWorthToday.app/NetWorthToday";
			};
			name = Release;
		};
/* End XCBuildConfiguration section */

/* Begin XCConfigurationList section */
		72FBC19D1A2DA1EB00609E4C /* Build configuration list for PBXProject "NetWorthToday" */ = {
			isa = XCConfigurationList;
			buildConfigurations = (
				72FBC1BF1A2DA1EB00609E4C /* Debug */,
				72FBC1C01A2DA1EB00609E4C /* Release */,
			);
			defaultConfigurationIsVisible = 0;
			defaultConfigurationName = Release;
		};
		72FBC1C11A2DA1EB00609E4C /* Build configuration list for PBXNativeTarget "NetWorthToday" */ = {
			isa = XCConfigurationList;
			buildConfigurations = (
				72FBC1C21A2DA1EB00609E4C /* Debug */,
				72FBC1C31A2DA1EB00609E4C /* Release */,
			);
			defaultConfigurationIsVisible = 0;
			defaultConfigurationName = Release;
		};
		72FBC1C41A2DA1EB00609E4C /* Build configuration list for PBXNativeTarget "NetWorthTodayTests" */ = {
			isa = XCConfigurationList;
			buildConfigurations = (
				72FBC1C51A2DA1EB00609E4C /* Debug */,
				72FBC1C61A2DA1EB00609E4C /* Release */,
			);
			defaultConfigurationIsVisible = 0;
			defaultConfigurationName = Release;
		};
/* End XCConfigurationList section */
	};
	rootObject = 72FBC19A1A2DA1EB00609E4C /* Project object */;
}
